
Microsoft Visual Studio Solution File, Format Version 12.00
# Visual Studio Version 17
VisualStudioVersion = 17.14.37216.2
MinimumVisualStudioVersion = 10.0.40219.1
Project("{FAE04EC0-301F-11D3-BF4B-00C04F79EFBC}") = "SmartGarageSystem", "SmartGarageSystem\SmartGarageSystem.csproj", "{60206AFB-B9FE-46F9-938A-519219B42197}"
EndProject
Project("{FAE04EC0-301F-11D3-BF4B-00C04F79EFBC}") = "SmartGarageTest", "SmartGarageTest\SmartGarageTest.csproj", "{CBF52612-4EAD-47E8-A486-288688260FCE}"
EndProject
Global
	GlobalSection(SolutionConfigurationPlatforms) = preSolution
		Debug|Any CPU = Debug|Any CPU
		Release|Any CPU = Release|Any CPU
	EndGlobalSection
	GlobalSection(ProjectConfigurationPlatforms) = postSolution
		{60206AFB-B9FE-46F9-938A-519219B42197}.Debug|Any CPU.ActiveCfg = Debug|Any CPU
		{60206AFB-B9FE-46F9-938A-519219B42197}.Debug|Any CPU.Build.0 = Debug|Any CPU
		{60206AFB-B9FE-46F9-938A-519219B42197}.Release|Any CPU.ActiveCfg = Release|Any CPU
		{60206AFB-B9FE-46F9-938A-519219B42197}.Release|Any CPU.Build.0 = Release|Any CPU
		{CBF52612-4EAD-47E8-A486-288688260FCE}.Debug|Any CPU.ActiveCfg = Debug|Any CPU
		{CBF52612-4EAD-47E8-A486-288688260FCE}.Debug|Any CPU.Build.0 = Debug|Any CPU
		{CBF52612-4EAD-47E8-A486-288688260FCE}.Release|Any CPU.ActiveCfg = Release|Any CPU
		{CBF52612-4EAD-47E8-A486-288688260FCE}.Release|Any CPU.Build.0 = Release|Any CPU
	EndGlobalSection
	GlobalSection(SolutionProperties) = preSolution
		HideSolutionNode = FALSE
	EndGlobalSection
	GlobalSection(ExtensibilityGlobals) = postSolution
		SolutionGuid = {F218E971-6510-409B-8219-14FC7A495F0E}
	EndGlobalSection
EndGlobal
